github.com/RogerioML/plp v1.0.0 h1:6GB9Trtc8obxmnxbTY1DYjJ2iNwyCWabqZX+WadF2BM=
github.com/RogerioML/plp v1.0.0/go.mod h1:c4KFIIVJXBfmWPhg3n1BVMUgIo5Vk68SoXyeJ8h1/PQ=
github.com/RogerioML/plp v1.0.3 h1:zPVtaPnFv2KLhWq51wl5cHOfBy2M8sqwKg1f9IggNWU=
github.com/RogerioML/plp v1.0.3/go.mod h1:c4KFIIVJXBfmWPhg3n1BVMUgIo5Vk68SoXyeJ8h1/PQ=
github.com/RogerioML/plp v1.0.4 h1:QDVWv4N//MGEixNB/y/9zuEIGZDDlxFvkRIfPuhAFdc=
github.com/RogerioML/plp v1.0.4/go.mod h1:c4KFIIVJXBfmWPhg3n1BVMUgIo5Vk68SoXyeJ8h1/PQ=
github.com/RogerioML/plp v1.0.5 h1:sULCoDJcFQQb1bggaIDiCgSXmzTG1fen94Pqh7vN0+I=
github.com/RogerioML/plp v1.0.5/go.mod h1:c4KFIIVJXBfmWPhg3n1BVMUgIo5Vk68SoXyeJ8h1/PQ=
github.com/RogerioML/plp v1.0.6 h1:epjYy3bG/W+j+8Mf87hwIy3zJUOR/BvCY8mvAKmKMR8=
github.com/RogerioML/plp v1.0.6/go.mod h1:c4KFIIVJXBfmWPhg3n1BVMUgIo5Vk68SoXyeJ8h1/PQ=
github.com/RogerioML/plp v1.0.7 h1:n8bbZ13IIUY1LNH0nMyjB2YjgwjKenpWLTVMwQ11Iqk=
github.com/RogerioML/plp v1.0.7/go.mod h1:c4KFIIVJXBfmWPhg3n1BVMUgIo5Vk68SoXyeJ8h1/PQ=
github.com/RogerioML/plp v1.0.8 h1:9UDcBRREchlufnxQMgVGILFG8BHpsGvYuY+vlHNBjMg=
github.com/RogerioML/plp v1.0.8/go.mod h1:c4KFIIVJXBfmWPhg3n1BVMUgIo5Vk68SoXyeJ8h1/PQ=
github.com/RogerioML/plp v1.0.9 h1:/iGsWaqlm2Ea49YWBvZ9NC8VKQnr1pMwh4FBmjWR8E8=
github.com/RogerioML/plp v1.0.9/go.mod h1:c4KFIIVJXBfmWPhg3n1BVMUgIo5Vk68SoXyeJ8h1/PQ=
github.com/RogerioML/plp v1.0.10 h1:TknsR02itosgHmHg7ZXU7WcXtzXnRQwsfp27oLHYlr4=
github.com/RogerioML/plp v1.0.10/go.mod h1:c4KFIIVJXBfmWPhg3n1BVMUgIo5Vk68SoXyeJ8h1/PQ=
github.com/davecgh/go-spew v1.1.0/go.mod h1:J7Y8YcW2NihsgmVo/mv3lAwl/skON4iLHjSsI+c5H38=
github.com/gomodule/redigo v1.8.1 h1:Abmo0bI7Xf0IhdIPc7HZQzZcShdnmxeoVuDDtIQp8N8=
github.com/gomodule/redigo v1.8.1/go.mod h1:P9dn9mFrCBvWhGE1wpxx6fgq7BAeLBk+UUUzlpkBYO0=
github.com/pkg/errors v0.9.1 h1:FEBLx1zS214owpjy7qsBeixbURkuhQAwrK5UwLGTwt4=
github.com/pkg/errors v0.9.1/go.mod h1:bwawxfHBFNV+L2hUp1rHADufV3IMtnDRdf1r5NINEl0=
github.com/pmezard/go-difflib v1.0.0/go.mod h1:iKH77koFhYxTK1pcRnkKkqfTogsbg7gZNVY4sRDYZ/4=
github.com/stretchr/objx v0.1.0/go.mod h1:HFkY916IF+rwdDfMAkV7OtwuqBVzrE8GR6GFx+wExME=
github.com/stretchr/testify v1.5.1/go.mod h1:5W2xD1RspED5o8YsWQXVCued0rvSQ+mT+I5cxcmMvtA=
golang.org/x/text v0.3.2 h1:tW2bmiBqwgJj/UpqtC8EpXEZVYOwU0yG4iWbprSVAcs=
golang.org/x/text v0.3.2/go.mod h1:bEr9sfX3Q8Zfm5fL9x+3itogRgK3+ptLWKqgva+5dAk=
golang.org/x/tools v0.0.0-20180917221912-90fa682c2a6e/go.mod h1:n7NCudcB/nEzxVGmLbDWY5pfWTLqBcC2KZ6jyYvM4mQ=
gopkg.in/check.v1 v0.0.0-20161208181325-20d25e280405/go.mod h1:Co6ibVJAznAaIkqp8huTwlJQCZ016jof/cbN4VW5Yz0=
gopkg.in/yaml.v2 v2.2.2/go.mod h1:hI93XBmqTisBFMUTm0b8Fm+jr3Dg1NNxqwp+5A1VGuI=
